speakeasyVersion: internal
sources:
    dub:
        sourceNamespace: dub
        sourceRevisionDigest: sha256:0a12d76e0d10c3bfb8aadd230193084afbb56f3bb4f7b62460efad098ac7669f
        sourceBlobDigest: sha256:60c8fb4ef34c80869c5b32ce1fe353138ae7ec1785ca158577f0f934460e5e9d
        tags:
            - latest
            - main
targets:
    my-first-target:
        source: dub
        sourceNamespace: dub
        sourceRevisionDigest: sha256:0a12d76e0d10c3bfb8aadd230193084afbb56f3bb4f7b62460efad098ac7669f
        sourceBlobDigest: sha256:60c8fb4ef34c80869c5b32ce1fe353138ae7ec1785ca158577f0f934460e5e9d
        outLocation: /tmp/snapshot-test/8898a3302110c07d
workflow:
    workflowVersion: 1.0.0
    speakeasyVersion: latest
    sources:
        dub:
            inputs:
                - location: https://api.dub.co
            registry:
                location: registry.speakeasyapi.dev/dub/dub/dub
    targets:
        my-first-target:
            target: ruby
            source: dub
            publish:
                rubygems:
                    token: $rubygems_auth_token
            codeSamples:
                output: codeSamples.yaml
                registry:
                    location: registry.speakeasyapi.dev/dub/dub/code-samples-ruby-my-first-target
