speakeasyVersion: internal
sources:
    dub:
        sourceNamespace: dub
        sourceRevisionDigest: sha256:77f52cc56bdea8b23c2862a3ee1841272e52a16203e4560b9ef91c6205bba0dd
        sourceBlobDigest: sha256:1da51010de13e5049bb0fadd8af9bdd4b2bb25ae0f7410d3d4e72a99e9b0f07b
        tags:
            - latest
            - main
targets:
    my-first-target:
        source: dub
        sourceNamespace: dub
        sourceRevisionDigest: sha256:77f52cc56bdea8b23c2862a3ee1841272e52a16203e4560b9ef91c6205bba0dd
        sourceBlobDigest: sha256:1da51010de13e5049bb0fadd8af9bdd4b2bb25ae0f7410d3d4e72a99e9b0f07b
workflow:
    workflowVersion: 1.0.0
    speakeasyVersion: latest
    sources:
        dub:
            inputs:
                - location: https://api.dub.co
            registry:
                location: registry.speakeasyapi.dev/dub/dub/dub
    targets:
        my-first-target:
            target: ruby
            source: dub
            publish:
                rubygems:
                    token: $rubygems_auth_token
            codeSamples:
                output: codeSamples.yaml
                registry:
                    location: registry.speakeasyapi.dev/dub/dub/code-samples-ruby-my-first-target
